
Microsoft Visual Studio Solution File, Format Version 12.00
# Visual Studio Version 17
VisualStudioVersion = 17.0.31423.177
MinimumVisualStudioVersion = 10.0.40219.1
Project("{FAE04EC0-301F-11D3-BF4B-00C04F79EFBC}") = "UniLogger", "UniLogger\UniLogger.csproj", "{D1F554F6-9C5A-4C8C-8F51-F67E34C1244E}"
EndProject
Global
	GlobalSection(SolutionConfigurationPlatforms) = preSolution
		Debug|Any CPU = Debug|Any CPU
		Release|Any CPU = Release|Any CPU
	EndGlobalSection
	GlobalSection(ProjectConfigurationPlatforms) = postSolution
		{D1F554F6-9C5A-4C8C-8F51-F67E34C1244E}.Debug|Any CPU.ActiveCfg = Debug|Any CPU
		{D1F554F6-9C5A-4C8C-8F51-F67E34C1244E}.Debug|Any CPU.Build.0 = Debug|Any CPU
		{D1F554F6-9C5A-4C8C-8F51-F67E34C1244E}.Release|Any CPU.ActiveCfg = Release|Any CPU
		{D1F554F6-9C5A-4C8C-8F51-F67E34C1244E}.Release|Any CPU.Build.0 = Release|Any CPU
	EndGlobalSection
	GlobalSection(SolutionProperties) = preSolution
		HideSolutionNode = FALSE
	EndGlobalSection
	GlobalSection(ExtensibilityGlobals) = postSolution
		SolutionGuid = {063590BB-3132-4850-B04C-4129BD7E785B}
	EndGlobalSection
EndGlobal
